
Microsoft Visual Studio Solution File, Format Version 12.00
# Visual Studio Version 16
VisualStudioVersion = 16.0.29424.173
MinimumVisualStudioVersion = 10.0.40219.1
Project("{FAE04EC0-301F-11D3-BF4B-00C04F79EFBC}") = "bigram", "bigram\bigram.csproj", "{704D9463-FD80-451C-B46F-1C712B93181B}"
EndProject
Project("{FAE04EC0-301F-11D3-BF4B-00C04F79EFBC}") = "BigramParser", "BigramParser\BigramParser.csproj", "{AE9CACA4-A5CE-4D01-9E36-7A9BE3D94BE9}"
EndProject
Global
	GlobalSection(SolutionConfigurationPlatforms) = preSolution
		Debug|Any CPU = Debug|Any CPU
		Release|Any CPU = Release|Any CPU
	EndGlobalSection
	GlobalSection(ProjectConfigurationPlatforms) = postSolution
		{704D9463-FD80-451C-B46F-1C712B93181B}.Debug|Any CPU.ActiveCfg = Debug|Any CPU
		{704D9463-FD80-451C-B46F-1C712B93181B}.Debug|Any CPU.Build.0 = Debug|Any CPU
		{704D9463-FD80-451C-B46F-1C712B93181B}.Release|Any CPU.ActiveCfg = Release|Any CPU
		{704D9463-FD80-451C-B46F-1C712B93181B}.Release|Any CPU.Build.0 = Release|Any CPU
		{AE9CACA4-A5CE-4D01-9E36-7A9BE3D94BE9}.Debug|Any CPU.ActiveCfg = Debug|Any CPU
		{AE9CACA4-A5CE-4D01-9E36-7A9BE3D94BE9}.Debug|Any CPU.Build.0 = Debug|Any CPU
		{AE9CACA4-A5CE-4D01-9E36-7A9BE3D94BE9}.Release|Any CPU.ActiveCfg = Release|Any CPU
		{AE9CACA4-A5CE-4D01-9E36-7A9BE3D94BE9}.Release|Any CPU.Build.0 = Release|Any CPU
	EndGlobalSection
	GlobalSection(SolutionProperties) = preSolution
		HideSolutionNode = FALSE
	EndGlobalSection
	GlobalSection(ExtensibilityGlobals) = postSolution
		SolutionGuid = {4BABB70B-0A08-410C-AF03-40C5226BB47B}
	EndGlobalSection
EndGlobal
